// !$*UTF8*$!
{
	archiveVersion = 1;
	classes = {
	};
	objectVersion = 50;
	objects = {

/* Begin PBXBuildFile section */
		847544C62579CF9B00FD2703 /* AppDelegate.swift in Sources */ = {isa = PBXBuildFile; fileRef = 847544C52579CF9B00FD2703 /* AppDelegate.swift */; };
		847544CD2579CF9B00FD2703 /* Main.storyboard in Resources */ = {isa = PBXBuildFile; fileRef = 847544CB2579CF9B00FD2703 /* Main.storyboard */; };
		847544CF2579CF9C00FD2703 /* Assets.xcassets in Resources */ = {isa = PBXBuildFile; fileRef = 847544CE2579CF9C00FD2703 /* Assets.xcassets */; };
		847544D22579CF9C00FD2703 /* LaunchScreen.storyboard in Resources */ = {isa = PBXBuildFile; fileRef = 847544D02579CF9C00FD2703 /* LaunchScreen.storyboard */; };
		847544EA2579D21B00FD2703 /* ProductCollectionViewCell.swift in Sources */ = {isa = PBXBuildFile; fileRef = 847544E82579D21B00FD2703 /* ProductCollectionViewCell.swift */; };
		847544EB2579D21B00FD2703 /* ProductCollectionViewCell.xib in Resources */ = {isa = PBXBuildFile; fileRef = 847544E92579D21B00FD2703 /* ProductCollectionViewCell.xib */; };
		847544EF2579D2A900FD2703 /* ProcutController.swift in Sources */ = {isa = PBXBuildFile; fileRef = 847544EE2579D2A900FD2703 /* ProcutController.swift */; };
		847544F22579D82300FD2703 /* Identifiers.swift in Sources */ = {isa = PBXBuildFile; fileRef = 847544F12579D82300FD2703 /* Identifiers.swift */; };
		847544F72579DA6900FD2703 /* BrandsCollectionViewCell.swift in Sources */ = {isa = PBXBuildFile; fileRef = 847544F52579DA6900FD2703 /* BrandsCollectionViewCell.swift */; };
		847544F82579DA6900FD2703 /* BrandsCollectionViewCell.xib in Resources */ = {isa = PBXBuildFile; fileRef = 847544F62579DA6900FD2703 /* BrandsCollectionViewCell.xib */; };
		847544FD2579E54500FD2703 /* Services.swift in Sources */ = {isa = PBXBuildFile; fileRef = 847544FC2579E54500FD2703 /* Services.swift */; };
		847545002579E82E00FD2703 /* ProductsAPI.swift in Sources */ = {isa = PBXBuildFile; fileRef = 847544FF2579E82E00FD2703 /* ProductsAPI.swift */; };
		847545032579ED5200FD2703 /* Helper.swift in Sources */ = {isa = PBXBuildFile; fileRef = 847545022579ED5200FD2703 /* Helper.swift */; };
		847545062579ED7900FD2703 /* ProductModel.swift in Sources */ = {isa = PBXBuildFile; fileRef = 847545052579ED7900FD2703 /* ProductModel.swift */; };
		84754509257A8E5300FD2703 /* Extensions.swift in Sources */ = {isa = PBXBuildFile; fileRef = 84754508257A8E5300FD2703 /* Extensions.swift */; };
/* End PBXBuildFile section */

/* Begin PBXFileReference section */
		847544C22579CF9B00FD2703 /* Shopify.app */ = {isa = PBXFileReference; explicitFileType = wrapper.application; includeInIndex = 0; path = Shopify.app; sourceTree = BUILT_PRODUCTS_DIR; };
		847544C52579CF9B00FD2703 /* AppDelegate.swift */ = {isa = PBXFileReference; lastKnownFileType = sourcecode.swift; path = AppDelegate.swift; sourceTree = "<group>"; };
		847544CC2579CF9B00FD2703 /* Base */ = {isa = PBXFileReference; lastKnownFileType = file.storyboard; name = Base; path = Base.lproj/Main.storyboard; sourceTree = "<group>"; };
		847544CE2579CF9C00FD2703 /* Assets.xcassets */ = {isa = PBXFileReference; lastKnownFileType = folder.assetcatalog; path = Assets.xcassets; sourceTree = "<group>"; };
		847544D12579CF9C00FD2703 /* Base */ = {isa = PBXFileReference; lastKnownFileType = file.storyboard; name = Base; path = Base.lproj/LaunchScreen.storyboard; sourceTree = "<group>"; };
		847544D32579CF9C00FD2703 /* Info.plist */ = {isa = PBXFileReference; lastKnownFileType = text.plist.xml; path = Info.plist; sourceTree = "<group>"; };
		847544E82579D21B00FD2703 /* ProductCollectionViewCell.swift */ = {isa = PBXFileReference; lastKnownFileType = sourcecode.swift; path = ProductCollectionViewCell.swift; sourceTree = "<group>"; };
		847544E92579D21B00FD2703 /* ProductCollectionViewCell.xib */ = {isa = PBXFileReference; lastKnownFileType = file.xib; path = ProductCollectionViewCell.xib; sourceTree = "<group>"; };
		847544EE2579D2A900FD2703 /* ProcutController.swift */ = {isa = PBXFileReference; lastKnownFileType = sourcecode.swift; path = ProcutController.swift; sourceTree = "<group>"; };
		847544F12579D82300FD2703 /* Identifiers.swift */ = {isa = PBXFileReference; lastKnownFileType = sourcecode.swift; path = Identifiers.swift; sourceTree = "<group>"; };
		847544F52579DA6900FD2703 /* BrandsCollectionViewCell.swift */ = {isa = PBXFileReference; lastKnownFileType = sourcecode.swift; path = BrandsCollectionViewCell.swift; sourceTree = "<group>"; };
		847544F62579DA6900FD2703 /* BrandsCollectionViewCell.xib */ = {isa = PBXFileReference; lastKnownFileType = file.xib; path = BrandsCollectionViewCell.xib; sourceTree = "<group>"; };
		847544FC2579E54500FD2703 /* Services.swift */ = {isa = PBXFileReference; lastKnownFileType = sourcecode.swift; path = Services.swift; sourceTree = "<group>"; };
		847544FF2579E82E00FD2703 /* ProductsAPI.swift */ = {isa = PBXFileReference; lastKnownFileType = sourcecode.swift; path = ProductsAPI.swift; sourceTree = "<group>"; };
		847545022579ED5200FD2703 /* Helper.swift */ = {isa = PBXFileReference; lastKnownFileType = sourcecode.swift; path = Helper.swift; sourceTree = "<group>"; };
		847545052579ED7900FD2703 /* ProductModel.swift */ = {isa = PBXFileReference; lastKnownFileType = sourcecode.swift; path = ProductModel.swift; sourceTree = "<group>"; };
		84754508257A8E5300FD2703 /* Extensions.swift */ = {isa = PBXFileReference; lastKnownFileType = sourcecode.swift; path = Extensions.swift; sourceTree = "<group>"; };
/* End PBXFileReference section */

/* Begin PBXFrameworksBuildPhase section */
		847544BF2579CF9B00FD2703 /* Frameworks */ = {
			isa = PBXFrameworksBuildPhase;
			buildActionMask = 2147483647;
			files = (
			);
			runOnlyForDeploymentPostprocessing = 0;
		};
/* End PBXFrameworksBuildPhase section */

/* Begin PBXGroup section */
		847544B92579CF9B00FD2703 = {
			isa = PBXGroup;
			children = (
				847544C42579CF9B00FD2703 /* Shopify */,
				847544C32579CF9B00FD2703 /* Products */,
			);
			sourceTree = "<group>";
		};
		847544C32579CF9B00FD2703 /* Products */ = {
			isa = PBXGroup;
			children = (
				847544C22579CF9B00FD2703 /* Shopify.app */,
			);
			name = Products;
			sourceTree = "<group>";
		};
		847544C42579CF9B00FD2703 /* Shopify */ = {
			isa = PBXGroup;
			children = (
				847544C52579CF9B00FD2703 /* AppDelegate.swift */,
				847544DF2579D18100FD2703 /* RESOURCES */,
				847544DE2579D17A00FD2703 /* API */,
				847544DD2579D17300FD2703 /* MODLES */,
				847544DC2579D16800FD2703 /* VIEWS */,
				847544CE2579CF9C00FD2703 /* Assets.xcassets */,
				847544D02579CF9C00FD2703 /* LaunchScreen.storyboard */,
				847544D32579CF9C00FD2703 /* Info.plist */,
			);
			path = Shopify;
			sourceTree = "<group>";
		};
		847544DA2579D15400FD2703 /* CONTROLLERS */ = {
			isa = PBXGroup;
			children = (
				847544EE2579D2A900FD2703 /* ProcutController.swift */,
			);
			path = CONTROLLERS;
			sourceTree = "<group>";
		};
		847544DB2579D15D00FD2703 /* CELLS */ = {
			isa = PBXGroup;
			children = (
				847544E82579D21B00FD2703 /* ProductCollectionViewCell.swift */,
				847544E92579D21B00FD2703 /* ProductCollectionViewCell.xib */,
				847544F52579DA6900FD2703 /* BrandsCollectionViewCell.swift */,
				847544F62579DA6900FD2703 /* BrandsCollectionViewCell.xib */,
			);
			path = CELLS;
			sourceTree = "<group>";
		};
		847544DC2579D16800FD2703 /* VIEWS */ = {
			isa = PBXGroup;
			children = (
				847544E02579D19400FD2703 /* STORYBOARDS */,
				847544DA2579D15400FD2703 /* CONTROLLERS */,
				847544DB2579D15D00FD2703 /* CELLS */,
			);
			path = VIEWS;
			sourceTree = "<group>";
		};
		847544DD2579D17300FD2703 /* MODLES */ = {
			isa = PBXGroup;
			children = (
				847545052579ED7900FD2703 /* ProductModel.swift */,
			);
			path = MODLES;
			sourceTree = "<group>";
		};
		847544DE2579D17A00FD2703 /* API */ = {
			isa = PBXGroup;
			children = (
				847544FC2579E54500FD2703 /* Services.swift */,
				847544FF2579E82E00FD2703 /* ProductsAPI.swift */,
			);
			path = API;
			sourceTree = "<group>";
		};
		847544DF2579D18100FD2703 /* RESOURCES */ = {
			isa = PBXGroup;
			children = (
				847544F12579D82300FD2703 /* Identifiers.swift */,
				847545022579ED5200FD2703 /* Helper.swift */,
				84754508257A8E5300FD2703 /* Extensions.swift */,
			);
			path = RESOURCES;
			sourceTree = "<group>";
		};
		847544E02579D19400FD2703 /* STORYBOARDS */ = {
			isa = PBXGroup;
			children = (
				847544CB2579CF9B00FD2703 /* Main.storyboard */,
			);
			path = STORYBOARDS;
			sourceTree = "<group>";
		};
/* End PBXGroup section */

/* Begin PBXNativeTarget section */
		847544C12579CF9B00FD2703 /* Shopify */ = {
			isa = PBXNativeTarget;
			buildConfigurationList = 847544D62579CF9C00FD2703 /* Build configuration list for PBXNativeTarget "Shopify" */;
			buildPhases = (
				847544BE2579CF9B00FD2703 /* Sources */,
				847544BF2579CF9B00FD2703 /* Frameworks */,
				847544C02579CF9B00FD2703 /* Resources */,
			);
			buildRules = (
			);
			dependencies = (
			);
			name = Shopify;
			productName = Shopify;
			productReference = 847544C22579CF9B00FD2703 /* Shopify.app */;
			productType = "com.apple.product-type.application";
		};
/* End PBXNativeTarget section */

/* Begin PBXProject section */
		847544BA2579CF9B00FD2703 /* Project object */ = {
			isa = PBXProject;
			attributes = {
				LastSwiftUpdateCheck = 1220;
				LastUpgradeCheck = 1220;
				TargetAttributes = {
					847544C12579CF9B00FD2703 = {
						CreatedOnToolsVersion = 12.2;
					};
				};
			};
			buildConfigurationList = 847544BD2579CF9B00FD2703 /* Build configuration list for PBXProject "Shopify" */;
			compatibilityVersion = "Xcode 9.3";
			developmentRegion = en;
			hasScannedForEncodings = 0;
			knownRegions = (
				en,
				Base,
			);
			mainGroup = 847544B92579CF9B00FD2703;
			productRefGroup = 847544C32579CF9B00FD2703 /* Products */;
			projectDirPath = "";
			projectRoot = "";
			targets = (
				847544C12579CF9B00FD2703 /* Shopify */,
			);
		};
/* End PBXProject section */

/* Begin PBXResourcesBuildPhase section */
		847544C02579CF9B00FD2703 /* Resources */ = {
			isa = PBXResourcesBuildPhase;
			buildActionMask = 2147483647;
			files = (
				847544D22579CF9C00FD2703 /* LaunchScreen.storyboard in Resources */,
				847544EB2579D21B00FD2703 /* ProductCollectionViewCell.xib in Resources */,
				847544CF2579CF9C00FD2703 /* Assets.xcassets in Resources */,
				847544F82579DA6900FD2703 /* BrandsCollectionViewCell.xib in Resources */,
				847544CD2579CF9B00FD2703 /* Main.storyboard in Resources */,
			);
			runOnlyForDeploymentPostprocessing = 0;
		};
/* End PBXResourcesBuildPhase section */

/* Begin PBXSourcesBuildPhase section */
		847544BE2579CF9B00FD2703 /* Sources */ = {
			isa = PBXSourcesBuildPhase;
			buildActionMask = 2147483647;
			files = (
				847544F72579DA6900FD2703 /* BrandsCollectionViewCell.swift in Sources */,
				847544EF2579D2A900FD2703 /* ProcutController.swift in Sources */,
				847545002579E82E00FD2703 /* ProductsAPI.swift in Sources */,
				847544EA2579D21B00FD2703 /* ProductCollectionViewCell.swift in Sources */,
				847544FD2579E54500FD2703 /* Services.swift in Sources */,
				847545032579ED5200FD2703 /* Helper.swift in Sources */,
				847544C62579CF9B00FD2703 /* AppDelegate.swift in Sources */,
				847544F22579D82300FD2703 /* Identifiers.swift in Sources */,
				84754509257A8E5300FD2703 /* Extensions.swift in Sources */,
				847545062579ED7900FD2703 /* ProductModel.swift in Sources */,
			);
			runOnlyForDeploymentPostprocessing = 0;
		};
/* End PBXSourcesBuildPhase section */

/* Begin PBXVariantGroup section */
		847544CB2579CF9B00FD2703 /* Main.storyboard */ = {
			isa = PBXVariantGroup;
			children = (
				847544CC2579CF9B00FD2703 /* Base */,
			);
			name = Main.storyboard;
			sourceTree = "<group>";
		};
		847544D02579CF9C00FD2703 /* LaunchScreen.storyboard */ = {
			isa = PBXVariantGroup;
			children = (
				847544D12579CF9C00FD2703 /* Base */,
			);
			name = LaunchScreen.storyboard;
			sourceTree = "<group>";
		};
/* End PBXVariantGroup section */

/* Begin XCBuildConfiguration section */
		847544D42579CF9C00FD2703 /* Debug */ = {
			isa = XCBuildConfiguration;
			buildSettings = {
				ALWAYS_SEARCH_USER_PATHS = NO;
				CLANG_ANALYZER_NONNULL = YES;
				CLANG_ANALYZER_NUMBER_OBJECT_CONVERSION = YES_AGGRESSIVE;
				CLANG_CXX_LANGUAGE_STANDARD = "gnu++14";
				CLANG_CXX_LIBRARY = "libc++";
				CLANG_ENABLE_MODULES = YES;
				CLANG_ENABLE_OBJC_ARC = YES;
				CLANG_ENABLE_OBJC_WEAK = YES;
				CLANG_WARN_BLOCK_CAPTURE_AUTORELEASING = YES;
				CLANG_WARN_BOOL_CONVERSION = YES;
				CLANG_WARN_COMMA = YES;
				CLANG_WARN_CONSTANT_CONVERSION = YES;
				CLANG_WARN_DEPRECATED_OBJC_IMPLEMENTATIONS = YES;
				CLANG_WARN_DIRECT_OBJC_ISA_USAGE = YES_ERROR;
				CLANG_WARN_DOCUMENTATION_COMMENTS = YES;
				CLANG_WARN_EMPTY_BODY = YES;
				CLANG_WARN_ENUM_CONVERSION = YES;
				CLANG_WARN_INFINITE_RECURSION = YES;
				CLANG_WARN_INT_CONVERSION = YES;
				CLANG_WARN_NON_LITERAL_NULL_CONVERSION = YES;
				CLANG_WARN_OBJC_IMPLICIT_RETAIN_SELF = YES;
				CLANG_WARN_OBJC_LITERAL_CONVERSION = YES;
				CLANG_WARN_OBJC_ROOT_CLASS = YES_ERROR;
				CLANG_WARN_QUOTED_INCLUDE_IN_FRAMEWORK_HEADER = YES;
				CLANG_WARN_RANGE_LOOP_ANALYSIS = YES;
				CLANG_WARN_STRICT_PROTOTYPES = YES;
				CLANG_WARN_SUSPICIOUS_MOVE = YES;
				CLANG_WARN_UNGUARDED_AVAILABILITY = YES_AGGRESSIVE;
				CLANG_WARN_UNREACHABLE_CODE = YES;
				CLANG_WARN__DUPLICATE_METHOD_MATCH = YES;
				COPY_PHASE_STRIP = NO;
				DEBUG_INFORMATION_FORMAT = dwarf;
				ENABLE_STRICT_OBJC_MSGSEND = YES;
				ENABLE_TESTABILITY = YES;
				GCC_C_LANGUAGE_STANDARD = gnu11;
				GCC_DYNAMIC_NO_PIC = NO;
				GCC_NO_COMMON_BLOCKS = YES;
				GCC_OPTIMIZATION_LEVEL = 0;
				GCC_PREPROCESSOR_DEFINITIONS = (
					"DEBUG=1",
					"$(inherited)",
				);
				GCC_WARN_64_TO_32_BIT_CONVERSION = YES;
				GCC_WARN_ABOUT_RETURN_TYPE = YES_ERROR;
				GCC_WARN_UNDECLARED_SELECTOR = YES;
				GCC_WARN_UNINITIALIZED_AUTOS = YES_AGGRESSIVE;
				GCC_WARN_UNUSED_FUNCTION = YES;
				GCC_WARN_UNUSED_VARIABLE = YES;
				IPHONEOS_DEPLOYMENT_TARGET = 14.2;
				MTL_ENABLE_DEBUG_INFO = INCLUDE_SOURCE;
				MTL_FAST_MATH = YES;
				ONLY_ACTIVE_ARCH = YES;
				SDKROOT = iphoneos;
				SWIFT_ACTIVE_COMPILATION_CONDITIONS = DEBUG;
				SWIFT_OPTIMIZATION_LEVEL = "-Onone";
			};
			name = Debug;
		};
		847544D52579CF9C00FD2703 /* Release */ = {
			isa = XCBuildConfiguration;
			buildSettings = {
				ALWAYS_SEARCH_USER_PATHS = NO;
				CLANG_ANALYZER_NONNULL = YES;
				CLANG_ANALYZER_NUMBER_OBJECT_CONVERSION = YES_AGGRESSIVE;
				CLANG_CXX_LANGUAGE_STANDARD = "gnu++14";
				CLANG_CXX_LIBRARY = "libc++";
				CLANG_ENABLE_MODULES = YES;
				CLANG_ENABLE_OBJC_ARC = YES;
				CLANG_ENABLE_OBJC_WEAK = YES;
				CLANG_WARN_BLOCK_CAPTURE_AUTORELEASING = YES;
				CLANG_WARN_BOOL_CONVERSION = YES;
				CLANG_WARN_COMMA = YES;
				CLANG_WARN_CONSTANT_CONVERSION = YES;
				CLANG_WARN_DEPRECATED_OBJC_IMPLEMENTATIONS = YES;
				CLANG_WARN_DIRECT_OBJC_ISA_USAGE = YES_ERROR;
				CLANG_WARN_DOCUMENTATION_COMMENTS = YES;
				CLANG_WARN_EMPTY_BODY = YES;
				CLANG_WARN_ENUM_CONVERSION = YES;
				CLANG_WARN_INFINITE_RECURSION = YES;
				CLANG_WARN_INT_CONVERSION = YES;
				CLANG_WARN_NON_LITERAL_NULL_CONVERSION = YES;
				CLANG_WARN_OBJC_IMPLICIT_RETAIN_SELF = YES;
				CLANG_WARN_OBJC_LITERAL_CONVERSION = YES;
				CLANG_WARN_OBJC_ROOT_CLASS = YES_ERROR;
				CLANG_WARN_QUOTED_INCLUDE_IN_FRAMEWORK_HEADER = YES;
				CLANG_WARN_RANGE_LOOP_ANALYSIS = YES;
				CLANG_WARN_STRICT_PROTOTYPES = YES;
				CLANG_WARN_SUSPICIOUS_MOVE = YES;
				CLANG_WARN_UNGUARDED_AVAILABILITY = YES_AGGRESSIVE;
				CLANG_WARN_UNREACHABLE_CODE = YES;
				CLANG_WARN__DUPLICATE_METHOD_MATCH = YES;
				COPY_PHASE_STRIP = NO;
				DEBUG_INFORMATION_FORMAT = "dwarf-with-dsym";
				ENABLE_NS_ASSERTIONS = NO;
				ENABLE_STRICT_OBJC_MSGSEND = YES;
				GCC_C_LANGUAGE_STANDARD = gnu11;
				GCC_NO_COMMON_BLOCKS = YES;
				GCC_WARN_64_TO_32_BIT_CONVERSION = YES;
				GCC_WARN_ABOUT_RETURN_TYPE = YES_ERROR;
				GCC_WARN_UNDECLARED_SELECTOR = YES;
				GCC_WARN_UNINITIALIZED_AUTOS = YES_AGGRESSIVE;
				GCC_WARN_UNUSED_FUNCTION = YES;
				GCC_WARN_UNUSED_VARIABLE = YES;
				IPHONEOS_DEPLOYMENT_TARGET = 14.2;
				MTL_ENABLE_DEBUG_INFO = NO;
				MTL_FAST_MATH = YES;
				SDKROOT = iphoneos;
				SWIFT_COMPILATION_MODE = wholemodule;
				SWIFT_OPTIMIZATION_LEVEL = "-O";
				VALIDATE_PRODUCT = YES;
			};
			name = Release;
		};
		847544D72579CF9C00FD2703 /* Debug */ = {
			isa = XCBuildConfiguration;
			buildSettings = {
				ASSETCATALOG_COMPILER_APPICON_NAME = AppIcon;
				ASSETCATALOG_COMPILER_GLOBAL_ACCENT_COLOR_NAME = AccentColor;
				CODE_SIGN_STYLE = Automatic;
				INFOPLIST_FILE = Shopify/Info.plist;
				IPHONEOS_DEPLOYMENT_TARGET = 12.0;
				LD_RUNPATH_SEARCH_PATHS = (
					"$(inherited)",
					"@executable_path/Frameworks",
				);
				PRODUCT_BUNDLE_IDENTIFIER = com.developer.machineTest.Shopify;
				PRODUCT_NAME = "$(TARGET_NAME)";
				SWIFT_VERSION = 5.0;
				TARGETED_DEVICE_FAMILY = "1,2";
			};
			name = Debug;
		};
		847544D82579CF9C00FD2703 /* Release */ = {
			isa = XCBuildConfiguration;
			buildSettings = {
				ASSETCATALOG_COMPILER_APPICON_NAME = AppIcon;
				ASSETCATALOG_COMPILER_GLOBAL_ACCENT_COLOR_NAME = AccentColor;
				CODE_SIGN_STYLE = Automatic;
				INFOPLIST_FILE = Shopify/Info.plist;
				IPHONEOS_DEPLOYMENT_TARGET = 12.0;
				LD_RUNPATH_SEARCH_PATHS = (
					"$(inherited)",
					"@executable_path/Frameworks",
				);
				PRODUCT_BUNDLE_IDENTIFIER = com.developer.machineTest.Shopify;
				PRODUCT_NAME = "$(TARGET_NAME)";
				SWIFT_VERSION = 5.0;
				TARGETED_DEVICE_FAMILY = "1,2";
			};
			name = Release;
		};
/* End XCBuildConfiguration section */

/* Begin XCConfigurationList section */
		847544BD2579CF9B00FD2703 /* Build configuration list for PBXProject "Shopify" */ = {
			isa = XCConfigurationList;
			buildConfigurations = (
				847544D42579CF9C00FD2703 /* Debug */,
				847544D52579CF9C00FD2703 /* Release */,
			);
			defaultConfigurationIsVisible = 0;
			defaultConfigurationName = Release;
		};
		847544D62579CF9C00FD2703 /* Build configuration list for PBXNativeTarget "Shopify" */ = {
			isa = XCConfigurationList;
			buildConfigurations = (
				847544D72579CF9C00FD2703 /* Debug */,
				847544D82579CF9C00FD2703 /* Release */,
			);
			defaultConfigurationIsVisible = 0;
			defaultConfigurationName = Release;
		};
/* End XCConfigurationList section */
	};
	rootObject = 847544BA2579CF9B00FD2703 /* Project object */;
}
